// !$*UTF8*$!
{
	archiveVersion = 1;
	classes = {
	};
	objectVersion = 55;
	objects = {

/* Begin PBXBuildFile section */
		1906671528CC7F9E0044DC0F /* AppDelegate.swift in Sources */ = {isa = PBXBuildFile; fileRef = 1906671428CC7F9E0044DC0F /* AppDelegate.swift */; };
		1906671728CC7F9E0044DC0F /* SceneDelegate.swift in Sources */ = {isa = PBXBuildFile; fileRef = 1906671628CC7F9E0044DC0F /* SceneDelegate.swift */; };
		1906671928CC7F9E0044DC0F /* MovieViewController.swift in Sources */ = {isa = PBXBuildFile; fileRef = 1906671828CC7F9E0044DC0F /* MovieViewController.swift */; };
		1906671C28CC7F9E0044DC0F /* Main.storyboard in Resources */ = {isa = PBXBuildFile; fileRef = 1906671A28CC7F9E0044DC0F /* Main.storyboard */; };
		1906671E28CC7F9F0044DC0F /* Assets.xcassets in Resources */ = {isa = PBXBuildFile; fileRef = 1906671D28CC7F9F0044DC0F /* Assets.xcassets */; };
		1906672128CC7F9F0044DC0F /* LaunchScreen.storyboard in Resources */ = {isa = PBXBuildFile; fileRef = 1906671F28CC7F9F0044DC0F /* LaunchScreen.storyboard */; };
		1906672B28CC84180044DC0F /* Movie.swift in Sources */ = {isa = PBXBuildFile; fileRef = 1906672A28CC84180044DC0F /* Movie.swift */; };
		1906672D28CC84AA0044DC0F /* MovieViewModel.swift in Sources */ = {isa = PBXBuildFile; fileRef = 1906672C28CC84AA0044DC0F /* MovieViewModel.swift */; };
		1906673028CC85B50044DC0F /* MovieCell.swift in Sources */ = {isa = PBXBuildFile; fileRef = 1906672E28CC85B50044DC0F /* MovieCell.swift */; };
		1906673128CC85B50044DC0F /* MovieCell.xib in Resources */ = {isa = PBXBuildFile; fileRef = 1906672F28CC85B50044DC0F /* MovieCell.xib */; };
		1906673828CC8C640044DC0F /* MovieAPIService.swift in Sources */ = {isa = PBXBuildFile; fileRef = 1906673728CC8C640044DC0F /* MovieAPIService.swift */; };
		3986CEBDA6E8F32A589D3A31 /* Pods_IMDB.framework in Frameworks */ = {isa = PBXBuildFile; fileRef = 7A4A4EF2C967164F89D57AFC /* Pods_IMDB.framework */; };
/* End PBXBuildFile section */

/* Begin PBXFileReference section */
		0D872501DA6A29116F8EB424 /* Pods-IMDB.debug.xcconfig */ = {isa = PBXFileReference; includeInIndex = 1; lastKnownFileType = text.xcconfig; name = "Pods-IMDB.debug.xcconfig"; path = "Target Support Files/Pods-IMDB/Pods-IMDB.debug.xcconfig"; sourceTree = "<group>"; };
		1906671128CC7F9E0044DC0F /* IMDB.app */ = {isa = PBXFileReference; explicitFileType = wrapper.application; includeInIndex = 0; path = IMDB.app; sourceTree = BUILT_PRODUCTS_DIR; };
		1906671428CC7F9E0044DC0F /* AppDelegate.swift */ = {isa = PBXFileReference; lastKnownFileType = sourcecode.swift; path = AppDelegate.swift; sourceTree = "<group>"; };
		1906671628CC7F9E0044DC0F /* SceneDelegate.swift */ = {isa = PBXFileReference; lastKnownFileType = sourcecode.swift; path = SceneDelegate.swift; sourceTree = "<group>"; };
		1906671828CC7F9E0044DC0F /* MovieViewController.swift */ = {isa = PBXFileReference; lastKnownFileType = sourcecode.swift; path = MovieViewController.swift; sourceTree = "<group>"; };
		1906671B28CC7F9E0044DC0F /* Base */ = {isa = PBXFileReference; lastKnownFileType = file.storyboard; name = Base; path = Base.lproj/Main.storyboard; sourceTree = "<group>"; };
		1906671D28CC7F9F0044DC0F /* Assets.xcassets */ = {isa = PBXFileReference; lastKnownFileType = folder.assetcatalog; path = Assets.xcassets; sourceTree = "<group>"; };
		1906672028CC7F9F0044DC0F /* Base */ = {isa = PBXFileReference; lastKnownFileType = file.storyboard; name = Base; path = Base.lproj/LaunchScreen.storyboard; sourceTree = "<group>"; };
		1906672228CC7F9F0044DC0F /* Info.plist */ = {isa = PBXFileReference; lastKnownFileType = text.plist.xml; path = Info.plist; sourceTree = "<group>"; };
		1906672A28CC84180044DC0F /* Movie.swift */ = {isa = PBXFileReference; lastKnownFileType = sourcecode.swift; path = Movie.swift; sourceTree = "<group>"; };
		1906672C28CC84AA0044DC0F /* MovieViewModel.swift */ = {isa = PBXFileReference; lastKnownFileType = sourcecode.swift; path = MovieViewModel.swift; sourceTree = "<group>"; };
		1906672E28CC85B50044DC0F /* MovieCell.swift */ = {isa = PBXFileReference; lastKnownFileType = sourcecode.swift; path = MovieCell.swift; sourceTree = "<group>"; };
		1906672F28CC85B50044DC0F /* MovieCell.xib */ = {isa = PBXFileReference; lastKnownFileType = file.xib; path = MovieCell.xib; sourceTree = "<group>"; };
		1906673728CC8C640044DC0F /* MovieAPIService.swift */ = {isa = PBXFileReference; lastKnownFileType = sourcecode.swift; path = MovieAPIService.swift; sourceTree = "<group>"; };
		55EB1063F64BB989876D46D1 /* Pods-IMDB.release.xcconfig */ = {isa = PBXFileReference; includeInIndex = 1; lastKnownFileType = text.xcconfig; name = "Pods-IMDB.release.xcconfig"; path = "Target Support Files/Pods-IMDB/Pods-IMDB.release.xcconfig"; sourceTree = "<group>"; };
		7A4A4EF2C967164F89D57AFC /* Pods_IMDB.framework */ = {isa = PBXFileReference; explicitFileType = wrapper.framework; includeInIndex = 0; path = Pods_IMDB.framework; sourceTree = BUILT_PRODUCTS_DIR; };
/* End PBXFileReference section */

/* Begin PBXFrameworksBuildPhase section */
		1906670E28CC7F9E0044DC0F /* Frameworks */ = {
			isa = PBXFrameworksBuildPhase;
			buildActionMask = 2147483647;
			files = (
				3986CEBDA6E8F32A589D3A31 /* Pods_IMDB.framework in Frameworks */,
			);
			runOnlyForDeploymentPostprocessing = 0;
		};
/* End PBXFrameworksBuildPhase section */

/* Begin PBXGroup section */
		1906670828CC7F9E0044DC0F = {
			isa = PBXGroup;
			children = (
				1906671328CC7F9E0044DC0F /* IMDB */,
				1906671228CC7F9E0044DC0F /* Products */,
				5DF547DED3692E452AA84736 /* Pods */,
				D3D96CAC9E0442F1846396BD /* Frameworks */,
			);
			sourceTree = "<group>";
		};
		1906671228CC7F9E0044DC0F /* Products */ = {
			isa = PBXGroup;
			children = (
				1906671128CC7F9E0044DC0F /* IMDB.app */,
			);
			name = Products;
			sourceTree = "<group>";
		};
		1906671328CC7F9E0044DC0F /* IMDB */ = {
			isa = PBXGroup;
			children = (
				1906671428CC7F9E0044DC0F /* AppDelegate.swift */,
				1906671628CC7F9E0044DC0F /* SceneDelegate.swift */,
				1906673228CC8B4F0044DC0F /* ViewControllers */,
				1906673328CC8B5E0044DC0F /* Model */,
				1906673528CC8B6B0044DC0F /* View */,
				1906673428CC8B640044DC0F /* ViewModel */,
				1906673C28CCBA4C0044DC0F /* Services */,
				1906671A28CC7F9E0044DC0F /* Main.storyboard */,
				1906671D28CC7F9F0044DC0F /* Assets.xcassets */,
				1906671F28CC7F9F0044DC0F /* LaunchScreen.storyboard */,
				1906672228CC7F9F0044DC0F /* Info.plist */,
			);
			path = IMDB;
			sourceTree = "<group>";
		};
		1906673228CC8B4F0044DC0F /* ViewControllers */ = {
			isa = PBXGroup;
			children = (
				1906671828CC7F9E0044DC0F /* MovieViewController.swift */,
			);
			path = ViewControllers;
			sourceTree = "<group>";
		};
		1906673328CC8B5E0044DC0F /* Model */ = {
			isa = PBXGroup;
			children = (
				1906672A28CC84180044DC0F /* Movie.swift */,
			);
			path = Model;
			sourceTree = "<group>";
		};
		1906673428CC8B640044DC0F /* ViewModel */ = {
			isa = PBXGroup;
			children = (
				1906672C28CC84AA0044DC0F /* MovieViewModel.swift */,
			);
			path = ViewModel;
			sourceTree = "<group>";
		};
		1906673528CC8B6B0044DC0F /* View */ = {
			isa = PBXGroup;
			children = (
				1906672E28CC85B50044DC0F /* MovieCell.swift */,
				1906672F28CC85B50044DC0F /* MovieCell.xib */,
			);
			path = View;
			sourceTree = "<group>";
		};
		1906673C28CCBA4C0044DC0F /* Services */ = {
			isa = PBXGroup;
			children = (
				1906673728CC8C640044DC0F /* MovieAPIService.swift */,
			);
			path = Services;
			sourceTree = "<group>";
		};
		5DF547DED3692E452AA84736 /* Pods */ = {
			isa = PBXGroup;
			children = (
				0D872501DA6A29116F8EB424 /* Pods-IMDB.debug.xcconfig */,
				55EB1063F64BB989876D46D1 /* Pods-IMDB.release.xcconfig */,
			);
			path = Pods;
			sourceTree = "<group>";
		};
		D3D96CAC9E0442F1846396BD /* Frameworks */ = {
			isa = PBXGroup;
			children = (
				7A4A4EF2C967164F89D57AFC /* Pods_IMDB.framework */,
			);
			name = Frameworks;
			sourceTree = "<group>";
		};
/* End PBXGroup section */

/* Begin PBXNativeTarget section */
		1906671028CC7F9E0044DC0F /* IMDB */ = {
			isa = PBXNativeTarget;
			buildConfigurationList = 1906672528CC7F9F0044DC0F /* Build configuration list for PBXNativeTarget "IMDB" */;
			buildPhases = (
				9C63AC79C992040049CF9557 /* [CP] Check Pods Manifest.lock */,
				1906670D28CC7F9E0044DC0F /* Sources */,
				1906670E28CC7F9E0044DC0F /* Frameworks */,
				1906670F28CC7F9E0044DC0F /* Resources */,
				601388084382547353067F7C /* [CP] Embed Pods Frameworks */,
			);
			buildRules = (
			);
			dependencies = (
			);
			name = IMDB;
			productName = IMDB;
			productReference = 1906671128CC7F9E0044DC0F /* IMDB.app */;
			productType = "com.apple.product-type.application";
		};
/* End PBXNativeTarget section */

/* Begin PBXProject section */
		1906670928CC7F9E0044DC0F /* Project object */ = {
			isa = PBXProject;
			attributes = {
				BuildIndependentTargetsInParallel = 1;
				LastSwiftUpdateCheck = 1340;
				LastUpgradeCheck = 1340;
				TargetAttributes = {
					1906671028CC7F9E0044DC0F = {
						CreatedOnToolsVersion = 13.4.1;
					};
				};
			};
			buildConfigurationList = 1906670C28CC7F9E0044DC0F /* Build configuration list for PBXProject "IMDB" */;
			compatibilityVersion = "Xcode 13.0";
			developmentRegion = en;
			hasScannedForEncodings = 0;
			knownRegions = (
				en,
				Base,
			);
			mainGroup = 1906670828CC7F9E0044DC0F;
			productRefGroup = 1906671228CC7F9E0044DC0F /* Products */;
			projectDirPath = "";
			projectRoot = "";
			targets = (
				1906671028CC7F9E0044DC0F /* IMDB */,
			);
		};
/* End PBXProject section */

/* Begin PBXResourcesBuildPhase section */
		1906670F28CC7F9E0044DC0F /* Resources */ = {
			isa = PBXResourcesBuildPhase;
			buildActionMask = 2147483647;
			files = (
				1906672128CC7F9F0044DC0F /* LaunchScreen.storyboard in Resources */,
				1906671E28CC7F9F0044DC0F /* Assets.xcassets in Resources */,
				1906673128CC85B50044DC0F /* MovieCell.xib in Resources */,
				1906671C28CC7F9E0044DC0F /* Main.storyboard in Resources */,
			);
			runOnlyForDeploymentPostprocessing = 0;
		};
/* End PBXResourcesBuildPhase section */

/* Begin PBXShellScriptBuildPhase section */
		601388084382547353067F7C /* [CP] Embed Pods Frameworks */ = {
			isa = PBXShellScriptBuildPhase;
			buildActionMask = 2147483647;
			files = (
			);
			inputFileListPaths = (
				"${PODS_ROOT}/Target Support Files/Pods-IMDB/Pods-IMDB-frameworks-${CONFIGURATION}-input-files.xcfilelist",
			);
			name = "[CP] Embed Pods Frameworks";
			outputFileListPaths = (
				"${PODS_ROOT}/Target Support Files/Pods-IMDB/Pods-IMDB-frameworks-${CONFIGURATION}-output-files.xcfilelist",
			);
			runOnlyForDeploymentPostprocessing = 0;
			shellPath = /bin/sh;
			shellScript = "\"${PODS_ROOT}/Target Support Files/Pods-IMDB/Pods-IMDB-frameworks.sh\"\n";
			showEnvVarsInLog = 0;
		};
		9C63AC79C992040049CF9557 /* [CP] Check Pods Manifest.lock */ = {
			isa = PBXShellScriptBuildPhase;
			buildActionMask = 2147483647;
			files = (
			);
			inputFileListPaths = (
			);
			inputPaths = (
				"${PODS_PODFILE_DIR_PATH}/Podfile.lock",
				"${PODS_ROOT}/Manifest.lock",
			);
			name = "[CP] Check Pods Manifest.lock";
			outputFileListPaths = (
			);
			outputPaths = (
				"$(DERIVED_FILE_DIR)/Pods-IMDB-checkManifestLockResult.txt",
			);
			runOnlyForDeploymentPostprocessing = 0;
			shellPath = /bin/sh;
			shellScript = "diff \"${PODS_PODFILE_DIR_PATH}/Podfile.lock\" \"${PODS_ROOT}/Manifest.lock\" > /dev/null\nif [ $? != 0 ] ; then\n    # print error to STDERR\n    echo \"error: The sandbox is not in sync with the Podfile.lock. Run 'pod install' or update your CocoaPods installation.\" >&2\n    exit 1\nfi\n# This output is used by Xcode 'outputs' to avoid re-running this script phase.\necho \"SUCCESS\" > \"${SCRIPT_OUTPUT_FILE_0}\"\n";
			showEnvVarsInLog = 0;
		};
/* End PBXShellScriptBuildPhase section */

/* Begin PBXSourcesBuildPhase section */
		1906670D28CC7F9E0044DC0F /* Sources */ = {
			isa = PBXSourcesBuildPhase;
			buildActionMask = 2147483647;
			files = (
				1906673028CC85B50044DC0F /* MovieCell.swift in Sources */,
				1906671928CC7F9E0044DC0F /* MovieViewController.swift in Sources */,
				1906673828CC8C640044DC0F /* MovieAPIService.swift in Sources */,
				1906671528CC7F9E0044DC0F /* AppDelegate.swift in Sources */,
				1906671728CC7F9E0044DC0F /* SceneDelegate.swift in Sources */,
				1906672B28CC84180044DC0F /* Movie.swift in Sources */,
				1906672D28CC84AA0044DC0F /* MovieViewModel.swift in Sources */,
			);
			runOnlyForDeploymentPostprocessing = 0;
		};
/* End PBXSourcesBuildPhase section */

/* Begin PBXVariantGroup section */
		1906671A28CC7F9E0044DC0F /* Main.storyboard */ = {
			isa = PBXVariantGroup;
			children = (
				1906671B28CC7F9E0044DC0F /* Base */,
			);
			name = Main.storyboard;
			sourceTree = "<group>";
		};
		1906671F28CC7F9F0044DC0F /* LaunchScreen.storyboard */ = {
			isa = PBXVariantGroup;
			children = (
				1906672028CC7F9F0044DC0F /* Base */,
			);
			name = LaunchScreen.storyboard;
			sourceTree = "<group>";
		};
/* End PBXVariantGroup section */

/* Begin XCBuildConfiguration section */
		1906672328CC7F9F0044DC0F /* Debug */ = {
			isa = XCBuildConfiguration;
			buildSettings = {
				ALWAYS_SEARCH_USER_PATHS = NO;
				CLANG_ANALYZER_NONNULL = YES;
				CLANG_ANALYZER_NUMBER_OBJECT_CONVERSION = YES_AGGRESSIVE;
				CLANG_CXX_LANGUAGE_STANDARD = "gnu++17";
				CLANG_ENABLE_MODULES = YES;
				CLANG_ENABLE_OBJC_ARC = YES;
				CLANG_ENABLE_OBJC_WEAK = YES;
				CLANG_WARN_BLOCK_CAPTURE_AUTORELEASING = YES;
				CLANG_WARN_BOOL_CONVERSION = YES;
				CLANG_WARN_COMMA = YES;
				CLANG_WARN_CONSTANT_CONVERSION = YES;
				CLANG_WARN_DEPRECATED_OBJC_IMPLEMENTATIONS = YES;
				CLANG_WARN_DIRECT_OBJC_ISA_USAGE = YES_ERROR;
				CLANG_WARN_DOCUMENTATION_COMMENTS = YES;
				CLANG_WARN_EMPTY_BODY = YES;
				CLANG_WARN_ENUM_CONVERSION = YES;
				CLANG_WARN_INFINITE_RECURSION = YES;
				CLANG_WARN_INT_CONVERSION = YES;
				CLANG_WARN_NON_LITERAL_NULL_CONVERSION = YES;
				CLANG_WARN_OBJC_IMPLICIT_RETAIN_SELF = YES;
				CLANG_WARN_OBJC_LITERAL_CONVERSION = YES;
				CLANG_WARN_OBJC_ROOT_CLASS = YES_ERROR;
				CLANG_WARN_QUOTED_INCLUDE_IN_FRAMEWORK_HEADER = YES;
				CLANG_WARN_RANGE_LOOP_ANALYSIS = YES;
				CLANG_WARN_STRICT_PROTOTYPES = YES;
				CLANG_WARN_SUSPICIOUS_MOVE = YES;
				CLANG_WARN_UNGUARDED_AVAILABILITY = YES_AGGRESSIVE;
				CLANG_WARN_UNREACHABLE_CODE = YES;
				CLANG_WARN__DUPLICATE_METHOD_MATCH = YES;
				COPY_PHASE_STRIP = NO;
				DEBUG_INFORMATION_FORMAT = dwarf;
				ENABLE_STRICT_OBJC_MSGSEND = YES;
				ENABLE_TESTABILITY = YES;
				GCC_C_LANGUAGE_STANDARD = gnu11;
				GCC_DYNAMIC_NO_PIC = NO;
				GCC_NO_COMMON_BLOCKS = YES;
				GCC_OPTIMIZATION_LEVEL = 0;
				GCC_PREPROCESSOR_DEFINITIONS = (
					"DEBUG=1",
					"$(inherited)",
				);
				GCC_WARN_64_TO_32_BIT_CONVERSION = YES;
				GCC_WARN_ABOUT_RETURN_TYPE = YES_ERROR;
				GCC_WARN_UNDECLARED_SELECTOR = YES;
				GCC_WARN_UNINITIALIZED_AUTOS = YES_AGGRESSIVE;
				GCC_WARN_UNUSED_FUNCTION = YES;
				GCC_WARN_UNUSED_VARIABLE = YES;
				IPHONEOS_DEPLOYMENT_TARGET = 15.5;
				MTL_ENABLE_DEBUG_INFO = INCLUDE_SOURCE;
				MTL_FAST_MATH = YES;
				ONLY_ACTIVE_ARCH = YES;
				SDKROOT = iphoneos;
				SWIFT_ACTIVE_COMPILATION_CONDITIONS = DEBUG;
				SWIFT_OPTIMIZATION_LEVEL = "-Onone";
			};
			name = Debug;
		};
		1906672428CC7F9F0044DC0F /* Release */ = {
			isa = XCBuildConfiguration;
			buildSettings = {
				ALWAYS_SEARCH_USER_PATHS = NO;
				CLANG_ANALYZER_NONNULL = YES;
				CLANG_ANALYZER_NUMBER_OBJECT_CONVERSION = YES_AGGRESSIVE;
				CLANG_CXX_LANGUAGE_STANDARD = "gnu++17";
				CLANG_ENABLE_MODULES = YES;
				CLANG_ENABLE_OBJC_ARC = YES;
				CLANG_ENABLE_OBJC_WEAK = YES;
				CLANG_WARN_BLOCK_CAPTURE_AUTORELEASING = YES;
				CLANG_WARN_BOOL_CONVERSION = YES;
				CLANG_WARN_COMMA = YES;
				CLANG_WARN_CONSTANT_CONVERSION = YES;
				CLANG_WARN_DEPRECATED_OBJC_IMPLEMENTATIONS = YES;
				CLANG_WARN_DIRECT_OBJC_ISA_USAGE = YES_ERROR;
				CLANG_WARN_DOCUMENTATION_COMMENTS = YES;
				CLANG_WARN_EMPTY_BODY = YES;
				CLANG_WARN_ENUM_CONVERSION = YES;
				CLANG_WARN_INFINITE_RECURSION = YES;
				CLANG_WARN_INT_CONVERSION = YES;
				CLANG_WARN_NON_LITERAL_NULL_CONVERSION = YES;
				CLANG_WARN_OBJC_IMPLICIT_RETAIN_SELF = YES;
				CLANG_WARN_OBJC_LITERAL_CONVERSION = YES;
				CLANG_WARN_OBJC_ROOT_CLASS = YES_ERROR;
				CLANG_WARN_QUOTED_INCLUDE_IN_FRAMEWORK_HEADER = YES;
				CLANG_WARN_RANGE_LOOP_ANALYSIS = YES;
				CLANG_WARN_STRICT_PROTOTYPES = YES;
				CLANG_WARN_SUSPICIOUS_MOVE = YES;
				CLANG_WARN_UNGUARDED_AVAILABILITY = YES_AGGRESSIVE;
				CLANG_WARN_UNREACHABLE_CODE = YES;
				CLANG_WARN__DUPLICATE_METHOD_MATCH = YES;
				COPY_PHASE_STRIP = NO;
				DEBUG_INFORMATION_FORMAT = "dwarf-with-dsym";
				ENABLE_NS_ASSERTIONS = NO;
				ENABLE_STRICT_OBJC_MSGSEND = YES;
				GCC_C_LANGUAGE_STANDARD = gnu11;
				GCC_NO_COMMON_BLOCKS = YES;
				GCC_WARN_64_TO_32_BIT_CONVERSION = YES;
				GCC_WARN_ABOUT_RETURN_TYPE = YES_ERROR;
				GCC_WARN_UNDECLARED_SELECTOR = YES;
				GCC_WARN_UNINITIALIZED_AUTOS = YES_AGGRESSIVE;
				GCC_WARN_UNUSED_FUNCTION = YES;
				GCC_WARN_UNUSED_VARIABLE = YES;
				IPHONEOS_DEPLOYMENT_TARGET = 15.5;
				MTL_ENABLE_DEBUG_INFO = NO;
				MTL_FAST_MATH = YES;
				SDKROOT = iphoneos;
				SWIFT_COMPILATION_MODE = wholemodule;
				SWIFT_OPTIMIZATION_LEVEL = "-O";
				VALIDATE_PRODUCT = YES;
			};
			name = Release;
		};
		1906672628CC7F9F0044DC0F /* Debug */ = {
			isa = XCBuildConfiguration;
			baseConfigurationReference = 0D872501DA6A29116F8EB424 /* Pods-IMDB.debug.xcconfig */;
			buildSettings = {
				ASSETCATALOG_COMPILER_APPICON_NAME = AppIcon;
				ASSETCATALOG_COMPILER_GLOBAL_ACCENT_COLOR_NAME = AccentColor;
				CODE_SIGN_STYLE = Automatic;
				CURRENT_PROJECT_VERSION = 1;
				DEVELOPMENT_TEAM = JRHZYJ886Z;
				GENERATE_INFOPLIST_FILE = YES;
				INFOPLIST_FILE = IMDB/Info.plist;
				INFOPLIST_KEY_UIApplicationSupportsIndirectInputEvents = YES;
				INFOPLIST_KEY_UILaunchStoryboardName = LaunchScreen;
				INFOPLIST_KEY_UIMainStoryboardFile = Main;
				INFOPLIST_KEY_UISupportedInterfaceOrientations = UIInterfaceOrientationPortrait;
				INFOPLIST_KEY_UISupportedInterfaceOrientations_iPad = "UIInterfaceOrientationPortrait UIInterfaceOrientationPortraitUpsideDown UIInterfaceOrientationLandscapeLeft UIInterfaceOrientationLandscapeRight";
				INFOPLIST_KEY_UISupportedInterfaceOrientations_iPhone = "UIInterfaceOrientationPortrait UIInterfaceOrientationLandscapeLeft UIInterfaceOrientationLandscapeRight";
				LD_RUNPATH_SEARCH_PATHS = (
					"$(inherited)",
					"@executable_path/Frameworks",
				);
				MARKETING_VERSION = 1.0;
				PRODUCT_BUNDLE_IDENTIFIER = com.wrx.wazirx.IMDB;
				PRODUCT_NAME = "$(TARGET_NAME)";
				SWIFT_EMIT_LOC_STRINGS = YES;
				SWIFT_VERSION = 5.0;
				TARGETED_DEVICE_FAMILY = "1,2";
			};
			name = Debug;
		};
		1906672728CC7F9F0044DC0F /* Release */ = {
			isa = XCBuildConfiguration;
			baseConfigurationReference = 55EB1063F64BB989876D46D1 /* Pods-IMDB.release.xcconfig */;
			buildSettings = {
				ASSETCATALOG_COMPILER_APPICON_NAME = AppIcon;
				ASSETCATALOG_COMPILER_GLOBAL_ACCENT_COLOR_NAME = AccentColor;
				CODE_SIGN_STYLE = Automatic;
				CURRENT_PROJECT_VERSION = 1;
				DEVELOPMENT_TEAM = JRHZYJ886Z;
				GENERATE_INFOPLIST_FILE = YES;
				INFOPLIST_FILE = IMDB/Info.plist;
				INFOPLIST_KEY_UIApplicationSupportsIndirectInputEvents = YES;
				INFOPLIST_KEY_UILaunchStoryboardName = LaunchScreen;
				INFOPLIST_KEY_UIMainStoryboardFile = Main;
				INFOPLIST_KEY_UISupportedInterfaceOrientations = UIInterfaceOrientationPortrait;
				INFOPLIST_KEY_UISupportedInterfaceOrientations_iPad = "UIInterfaceOrientationPortrait UIInterfaceOrientationPortraitUpsideDown UIInterfaceOrientationLandscapeLeft UIInterfaceOrientationLandscapeRight";
				INFOPLIST_KEY_UISupportedInterfaceOrientations_iPhone = "UIInterfaceOrientationPortrait UIInterfaceOrientationLandscapeLeft UIInterfaceOrientationLandscapeRight";
				LD_RUNPATH_SEARCH_PATHS = (
					"$(inherited)",
					"@executable_path/Frameworks",
				);
				MARKETING_VERSION = 1.0;
				PRODUCT_BUNDLE_IDENTIFIER = com.wrx.wazirx.IMDB;
				PRODUCT_NAME = "$(TARGET_NAME)";
				SWIFT_EMIT_LOC_STRINGS = YES;
				SWIFT_VERSION = 5.0;
				TARGETED_DEVICE_FAMILY = "1,2";
			};
			name = Release;
		};
/* End XCBuildConfiguration section */

/* Begin XCConfigurationList section */
		1906670C28CC7F9E0044DC0F /* Build configuration list for PBXProject "IMDB" */ = {
			isa = XCConfigurationList;
			buildConfigurations = (
				1906672328CC7F9F0044DC0F /* Debug */,
				1906672428CC7F9F0044DC0F /* Release */,
			);
			defaultConfigurationIsVisible = 0;
			defaultConfigurationName = Release;
		};
		1906672528CC7F9F0044DC0F /* Build configuration list for PBXNativeTarget "IMDB" */ = {
			isa = XCConfigurationList;
			buildConfigurations = (
				1906672628CC7F9F0044DC0F /* Debug */,
				1906672728CC7F9F0044DC0F /* Release */,
			);
			defaultConfigurationIsVisible = 0;
			defaultConfigurationName = Release;
		};
/* End XCConfigurationList section */
	};
	rootObject = 1906670928CC7F9E0044DC0F /* Project object */;
}
